
Microsoft Visual Studio Solution File, Format Version 12.00
# Visual Studio Version 17
VisualStudioVersion = 17.0.31903.59
MinimumVisualStudioVersion = 10.0.40219.1
Project("{FAE04EC0-301F-11D3-BF4B-00C04F79EFBC}") = "PomodoroTimer.Core", "PomodoroTimer.Core\PomodoroTimer.Core.csproj", "{54CEB596-98CE-4F36-B96A-AAA4CA19298C}"
EndProject
Project("{FAE04EC0-301F-11D3-BF4B-00C04F79EFBC}") = "PomodoroTimer.Tests", "PomodoroTimer.Tests\PomodoroTimer.Tests.csproj", "{B84C0A74-212D-48BA-B800-6AD286CAEC26}"
EndProject
Project("{FAE04EC0-301F-11D3-BF4B-00C04F79EFBC}") = "PomodoroTimer.UI", "PomodoroTimer.UI\PomodoroTimer.UI.csproj", "{FDD0F864-7C94-48E4-BAFA-3DD695B394AD}"
EndProject
Global
	GlobalSection(SolutionConfigurationPlatforms) = preSolution
		Debug|Any CPU = Debug|Any CPU
		Debug|x64 = Debug|x64
		Debug|x86 = Debug|x86
		Release|Any CPU = Release|Any CPU
		Release|x64 = Release|x64
		Release|x86 = Release|x86
	EndGlobalSection
	GlobalSection(ProjectConfigurationPlatforms) = postSolution
		{54CEB596-98CE-4F36-B96A-AAA4CA19298C}.Debug|Any CPU.ActiveCfg = Debug|Any CPU
		{54CEB596-98CE-4F36-B96A-AAA4CA19298C}.Debug|Any CPU.Build.0 = Debug|Any CPU
		{54CEB596-98CE-4F36-B96A-AAA4CA19298C}.Debug|x64.ActiveCfg = Debug|Any CPU
		{54CEB596-98CE-4F36-B96A-AAA4CA19298C}.Debug|x64.Build.0 = Debug|Any CPU
		{54CEB596-98CE-4F36-B96A-AAA4CA19298C}.Debug|x86.ActiveCfg = Debug|Any CPU
		{54CEB596-98CE-4F36-B96A-AAA4CA19298C}.Debug|x86.Build.0 = Debug|Any CPU
		{54CEB596-98CE-4F36-B96A-AAA4CA19298C}.Release|Any CPU.ActiveCfg = Release|Any CPU
		{54CEB596-98CE-4F36-B96A-AAA4CA19298C}.Release|Any CPU.Build.0 = Release|Any CPU
		{54CEB596-98CE-4F36-B96A-AAA4CA19298C}.Release|x64.ActiveCfg = Release|Any CPU
		{54CEB596-98CE-4F36-B96A-AAA4CA19298C}.Release|x64.Build.0 = Release|Any CPU
		{54CEB596-98CE-4F36-B96A-AAA4CA19298C}.Release|x86.ActiveCfg = Release|Any CPU
		{54CEB596-98CE-4F36-B96A-AAA4CA19298C}.Release|x86.Build.0 = Release|Any CPU
		{B84C0A74-212D-48BA-B800-6AD286CAEC26}.Debug|Any CPU.ActiveCfg = Debug|Any CPU
		{B84C0A74-212D-48BA-B800-6AD286CAEC26}.Debug|Any CPU.Build.0 = Debug|Any CPU
		{B84C0A74-212D-48BA-B800-6AD286CAEC26}.Debug|x64.ActiveCfg = Debug|Any CPU
		{B84C0A74-212D-48BA-B800-6AD286CAEC26}.Debug|x64.Build.0 = Debug|Any CPU
		{B84C0A74-212D-48BA-B800-6AD286CAEC26}.Debug|x86.ActiveCfg = Debug|Any CPU
		{B84C0A74-212D-48BA-B800-6AD286CAEC26}.Debug|x86.Build.0 = Debug|Any CPU
		{B84C0A74-212D-48BA-B800-6AD286CAEC26}.Release|Any CPU.ActiveCfg = Release|Any CPU
		{B84C0A74-212D-48BA-B800-6AD286CAEC26}.Release|Any CPU.Build.0 = Release|Any CPU
		{B84C0A74-212D-48BA-B800-6AD286CAEC26}.Release|x64.ActiveCfg = Release|Any CPU
		{B84C0A74-212D-48BA-B800-6AD286CAEC26}.Release|x64.Build.0 = Release|Any CPU
		{B84C0A74-212D-48BA-B800-6AD286CAEC26}.Release|x86.ActiveCfg = Release|Any CPU
		{B84C0A74-212D-48BA-B800-6AD286CAEC26}.Release|x86.Build.0 = Release|Any CPU
		{FDD0F864-7C94-48E4-BAFA-3DD695B394AD}.Debug|Any CPU.ActiveCfg = Debug|Any CPU
		{FDD0F864-7C94-48E4-BAFA-3DD695B394AD}.Debug|Any CPU.Build.0 = Debug|Any CPU
		{FDD0F864-7C94-48E4-BAFA-3DD695B394AD}.Debug|x64.ActiveCfg = Debug|Any CPU
		{FDD0F864-7C94-48E4-BAFA-3DD695B394AD}.Debug|x64.Build.0 = Debug|Any CPU
		{FDD0F864-7C94-48E4-BAFA-3DD695B394AD}.Debug|x86.ActiveCfg = Debug|Any CPU
		{FDD0F864-7C94-48E4-BAFA-3DD695B394AD}.Debug|x86.Build.0 = Debug|Any CPU
		{FDD0F864-7C94-48E4-BAFA-3DD695B394AD}.Release|Any CPU.ActiveCfg = Release|Any CPU
		{FDD0F864-7C94-48E4-BAFA-3DD695B394AD}.Release|Any CPU.Build.0 = Release|Any CPU
		{FDD0F864-7C94-48E4-BAFA-3DD695B394AD}.Release|x64.ActiveCfg = Release|Any CPU
		{FDD0F864-7C94-48E4-BAFA-3DD695B394AD}.Release|x64.Build.0 = Release|Any CPU
		{FDD0F864-7C94-48E4-BAFA-3DD695B394AD}.Release|x86.ActiveCfg = Release|Any CPU
		{FDD0F864-7C94-48E4-BAFA-3DD695B394AD}.Release|x86.Build.0 = Release|Any CPU
	EndGlobalSection
	GlobalSection(SolutionProperties) = preSolution
		HideSolutionNode = FALSE
	EndGlobalSection
EndGlobal
